
Microsoft Visual Studio Solution File, Format Version 12.00
# Visual Studio 15
VisualStudioVersion = 15.0.28010.2019
MinimumVisualStudioVersion = 10.0.40219.1
Project("{FAE04EC0-301F-11D3-BF4B-00C04F79EFBC}") = "SamuraiApp.Domain", "SamuraiApp.Domain\SamuraiApp.Domain.csproj", "{5E04D30D-74B3-491B-82AE-E641BB54564D}"
EndProject
Project("{FAE04EC0-301F-11D3-BF4B-00C04F79EFBC}") = "SamuraiApp.Data", "SamuraiApp.Data\SamuraiApp.Data.csproj", "{CBB896F5-E0A4-41A0-AC35-9FCFA29FE4F8}"
EndProject
Project("{FAE04EC0-301F-11D3-BF4B-00C04F79EFBC}") = "SomeUI", "SomeUI\SomeUI.csproj", "{9FDAFFF8-86A7-46DB-906A-86850666085E}"
EndProject
Global
	GlobalSection(SolutionConfigurationPlatforms) = preSolution
		Debug|Any CPU = Debug|Any CPU
		Release|Any CPU = Release|Any CPU
	EndGlobalSection
	GlobalSection(ProjectConfigurationPlatforms) = postSolution
		{5E04D30D-74B3-491B-82AE-E641BB54564D}.Debug|Any CPU.ActiveCfg = Debug|Any CPU
		{5E04D30D-74B3-491B-82AE-E641BB54564D}.Debug|Any CPU.Build.0 = Debug|Any CPU
		{5E04D30D-74B3-491B-82AE-E641BB54564D}.Release|Any CPU.ActiveCfg = Release|Any CPU
		{5E04D30D-74B3-491B-82AE-E641BB54564D}.Release|Any CPU.Build.0 = Release|Any CPU
		{CBB896F5-E0A4-41A0-AC35-9FCFA29FE4F8}.Debug|Any CPU.ActiveCfg = Debug|Any CPU
		{CBB896F5-E0A4-41A0-AC35-9FCFA29FE4F8}.Debug|Any CPU.Build.0 = Debug|Any CPU
		{CBB896F5-E0A4-41A0-AC35-9FCFA29FE4F8}.Release|Any CPU.ActiveCfg = Release|Any CPU
		{CBB896F5-E0A4-41A0-AC35-9FCFA29FE4F8}.Release|Any CPU.Build.0 = Release|Any CPU
		{9FDAFFF8-86A7-46DB-906A-86850666085E}.Debug|Any CPU.ActiveCfg = Debug|Any CPU
		{9FDAFFF8-86A7-46DB-906A-86850666085E}.Debug|Any CPU.Build.0 = Debug|Any CPU
		{9FDAFFF8-86A7-46DB-906A-86850666085E}.Release|Any CPU.ActiveCfg = Release|Any CPU
		{9FDAFFF8-86A7-46DB-906A-86850666085E}.Release|Any CPU.Build.0 = Release|Any CPU
	EndGlobalSection
	GlobalSection(SolutionProperties) = preSolution
		HideSolutionNode = FALSE
	EndGlobalSection
	GlobalSection(ExtensibilityGlobals) = postSolution
		SolutionGuid = {8E6FF4B0-CFA8-4604-8E61-01634A032572}
	EndGlobalSection
EndGlobal
